
Microsoft Visual Studio Solution File, Format Version 12.00
# Visual Studio Version 16
VisualStudioVersion = 16.0.29920.165
MinimumVisualStudioVersion = 10.0.40219.1
Project("{8BC9CEB8-8B4A-11D0-8D11-00A0C91BC942}") = "BossBattle", "BossBattle.vcxproj", "{1C98B56C-06AC-468A-A0B9-3B32ED53A539}"
EndProject
Global
	GlobalSection(SolutionConfigurationPlatforms) = preSolution
		Debug|x64 = Debug|x64
		Debug|x86 = Debug|x86
		Release|x64 = Release|x64
		Release|x86 = Release|x86
	EndGlobalSection
	GlobalSection(ProjectConfigurationPlatforms) = postSolution
		{1C98B56C-06AC-468A-A0B9-3B32ED53A539}.Debug|x64.ActiveCfg = Debug|x64
		{1C98B56C-06AC-468A-A0B9-3B32ED53A539}.Debug|x64.Build.0 = Debug|x64
		{1C98B56C-06AC-468A-A0B9-3B32ED53A539}.Debug|x86.ActiveCfg = Debug|Win32
		{1C98B56C-06AC-468A-A0B9-3B32ED53A539}.Debug|x86.Build.0 = Debug|Win32
		{1C98B56C-06AC-468A-A0B9-3B32ED53A539}.Release|x64.ActiveCfg = Release|x64
		{1C98B56C-06AC-468A-A0B9-3B32ED53A539}.Release|x64.Build.0 = Release|x64
		{1C98B56C-06AC-468A-A0B9-3B32ED53A539}.Release|x86.ActiveCfg = Release|Win32
		{1C98B56C-06AC-468A-A0B9-3B32ED53A539}.Release|x86.Build.0 = Release|Win32
	EndGlobalSection
	GlobalSection(SolutionProperties) = preSolution
		HideSolutionNode = FALSE
	EndGlobalSection
	GlobalSection(ExtensibilityGlobals) = postSolution
		SolutionGuid = {DEC4ABA5-18A0-49B3-9E2D-0AD639F95CA5}
	EndGlobalSection
EndGlobal
